
Microsoft Visual Studio Solution File, Format Version 12.00
# Visual Studio Version 17
VisualStudioVersion = 17.14.36717.8 d17.14
MinimumVisualStudioVersion = 10.0.40219.1
Project("{FAE04EC0-301F-11D3-BF4B-00C04F79EFBC}") = "WebAPI", "WebAPI.csproj", "{49CFD164-0ABC-4E54-B4DE-7EC1A9CB0655}"
EndProject
Project("{FAE04EC0-301F-11D3-BF4B-00C04F79EFBC}") = "Mot_Larisa_Lab11", "..\Mot_Larisa_Lab11\Mot_Larisa_Lab11.csproj", "{1B735BB3-FF97-4234-A77C-5B75BE7451C6}"
EndProject
Global
	GlobalSection(SolutionConfigurationPlatforms) = preSolution
		Debug|Any CPU = Debug|Any CPU
		Release|Any CPU = Release|Any CPU
	EndGlobalSection
	GlobalSection(ProjectConfigurationPlatforms) = postSolution
		{49CFD164-0ABC-4E54-B4DE-7EC1A9CB0655}.Debug|Any CPU.ActiveCfg = Debug|Any CPU
		{49CFD164-0ABC-4E54-B4DE-7EC1A9CB0655}.Debug|Any CPU.Build.0 = Debug|Any CPU
		{49CFD164-0ABC-4E54-B4DE-7EC1A9CB0655}.Release|Any CPU.ActiveCfg = Release|Any CPU
		{49CFD164-0ABC-4E54-B4DE-7EC1A9CB0655}.Release|Any CPU.Build.0 = Release|Any CPU
		{1B735BB3-FF97-4234-A77C-5B75BE7451C6}.Debug|Any CPU.ActiveCfg = Debug|Any CPU
		{1B735BB3-FF97-4234-A77C-5B75BE7451C6}.Debug|Any CPU.Build.0 = Debug|Any CPU
		{1B735BB3-FF97-4234-A77C-5B75BE7451C6}.Debug|Any CPU.Deploy.0 = Debug|Any CPU
		{1B735BB3-FF97-4234-A77C-5B75BE7451C6}.Release|Any CPU.ActiveCfg = Release|Any CPU
		{1B735BB3-FF97-4234-A77C-5B75BE7451C6}.Release|Any CPU.Build.0 = Release|Any CPU
		{1B735BB3-FF97-4234-A77C-5B75BE7451C6}.Release|Any CPU.Deploy.0 = Release|Any CPU
	EndGlobalSection
	GlobalSection(SolutionProperties) = preSolution
		HideSolutionNode = FALSE
	EndGlobalSection
	GlobalSection(ExtensibilityGlobals) = postSolution
		SolutionGuid = {2FF18E5D-8CC0-4341-82BA-6C3E1CFA70E4}
	EndGlobalSection
EndGlobal
